// !$*UTF8*$!
{
	archiveVersion = 1;
	classes = {
	};
	objectVersion = 46;
	objects = {

/* Begin PBXBuildFile section */
		2D5452DA1889024500485CAE /* Foundation.framework in Frameworks */ = {isa = PBXBuildFile; fileRef = 2D5452D91889024500485CAE /* Foundation.framework */; };
		2D5452DC1889024500485CAE /* CoreGraphics.framework in Frameworks */ = {isa = PBXBuildFile; fileRef = 2D5452DB1889024500485CAE /* CoreGraphics.framework */; };
		2D5452DE1889024500485CAE /* UIKit.framework in Frameworks */ = {isa = PBXBuildFile; fileRef = 2D5452DD1889024500485CAE /* UIKit.framework */; };
		2D5452E41889024500485CAE /* InfoPlist.strings in Resources */ = {isa = PBXBuildFile; fileRef = 2D5452E21889024500485CAE /* InfoPlist.strings */; };
		2D5452E61889024500485CAE /* main.m in Sources */ = {isa = PBXBuildFile; fileRef = 2D5452E51889024500485CAE /* main.m */; };
		2D5452EA1889024500485CAE /* HypnoAppDelegate.m in Sources */ = {isa = PBXBuildFile; fileRef = 2D5452E91889024500485CAE /* HypnoAppDelegate.m */; };
		2D5452EC1889024500485CAE /* Images.xcassets in Resources */ = {isa = PBXBuildFile; fileRef = 2D5452EB1889024500485CAE /* Images.xcassets */; };
		2D5452F31889024500485CAE /* XCTest.framework in Frameworks */ = {isa = PBXBuildFile; fileRef = 2D5452F21889024500485CAE /* XCTest.framework */; };
		2D5452F41889024500485CAE /* Foundation.framework in Frameworks */ = {isa = PBXBuildFile; fileRef = 2D5452D91889024500485CAE /* Foundation.framework */; };
		2D5452F51889024500485CAE /* UIKit.framework in Frameworks */ = {isa = PBXBuildFile; fileRef = 2D5452DD1889024500485CAE /* UIKit.framework */; };
		2D5452FD1889024500485CAE /* InfoPlist.strings in Resources */ = {isa = PBXBuildFile; fileRef = 2D5452FB1889024500485CAE /* InfoPlist.strings */; };
		2D5452FF1889024500485CAE /* HypnoTimeTests.m in Sources */ = {isa = PBXBuildFile; fileRef = 2D5452FE1889024500485CAE /* HypnoTimeTests.m */; };
		2D54530A1889027400485CAE /* HypnosisViewController.m in Sources */ = {isa = PBXBuildFile; fileRef = 2D5453091889027400485CAE /* HypnosisViewController.m */; };
		2D54530D1889029D00485CAE /* HypnosisView.m in Sources */ = {isa = PBXBuildFile; fileRef = 2D54530C1889029D00485CAE /* HypnosisView.m */; };
/* End PBXBuildFile section */

/* Begin PBXContainerItemProxy section */
		2D5452F61889024500485CAE /* PBXContainerItemProxy */ = {
			isa = PBXContainerItemProxy;
			containerPortal = 2D5452CE1889024500485CAE /* Project object */;
			proxyType = 1;
			remoteGlobalIDString = 2D5452D51889024500485CAE;
			remoteInfo = HypnoTime;
		};
/* End PBXContainerItemProxy section */

/* Begin PBXFileReference section */
		2D5452D61889024500485CAE /* HypnoTime.app */ = {isa = PBXFileReference; explicitFileType = wrapper.application; includeInIndex = 0; path = HypnoTime.app; sourceTree = BUILT_PRODUCTS_DIR; };
		2D5452D91889024500485CAE /* Foundation.framework */ = {isa = PBXFileReference; lastKnownFileType = wrapper.framework; name = Foundation.framework; path = System/Library/Frameworks/Foundation.framework; sourceTree = SDKROOT; };
		2D5452DB1889024500485CAE /* CoreGraphics.framework */ = {isa = PBXFileReference; lastKnownFileType = wrapper.framework; name = CoreGraphics.framework; path = System/Library/Frameworks/CoreGraphics.framework; sourceTree = SDKROOT; };
		2D5452DD1889024500485CAE /* UIKit.framework */ = {isa = PBXFileReference; lastKnownFileType = wrapper.framework; name = UIKit.framework; path = System/Library/Frameworks/UIKit.framework; sourceTree = SDKROOT; };
		2D5452E11889024500485CAE /* HypnoTime-Info.plist */ = {isa = PBXFileReference; lastKnownFileType = text.plist.xml; path = "HypnoTime-Info.plist"; sourceTree = "<group>"; };
		2D5452E31889024500485CAE /* en */ = {isa = PBXFileReference; lastKnownFileType = text.plist.strings; name = en; path = en.lproj/InfoPlist.strings; sourceTree = "<group>"; };
		2D5452E51889024500485CAE /* main.m */ = {isa = PBXFileReference; lastKnownFileType = sourcecode.c.objc; path = main.m; sourceTree = "<group>"; };
		2D5452E71889024500485CAE /* HypnoTime-Prefix.pch */ = {isa = PBXFileReference; lastKnownFileType = sourcecode.c.h; path = "HypnoTime-Prefix.pch"; sourceTree = "<group>"; };
		2D5452E81889024500485CAE /* HypnoAppDelegate.h */ = {isa = PBXFileReference; lastKnownFileType = sourcecode.c.h; path = HypnoAppDelegate.h; sourceTree = "<group>"; };
		2D5452E91889024500485CAE /* HypnoAppDelegate.m */ = {isa = PBXFileReference; lastKnownFileType = sourcecode.c.objc; path = HypnoAppDelegate.m; sourceTree = "<group>"; };
		2D5452EB1889024500485CAE /* Images.xcassets */ = {isa = PBXFileReference; lastKnownFileType = folder.assetcatalog; path = Images.xcassets; sourceTree = "<group>"; };
		2D5452F11889024500485CAE /* HypnoTimeTests.xctest */ = {isa = PBXFileReference; explicitFileType = wrapper.cfbundle; includeInIndex = 0; path = HypnoTimeTests.xctest; sourceTree = BUILT_PRODUCTS_DIR; };
		2D5452F21889024500485CAE /* XCTest.framework */ = {isa = PBXFileReference; lastKnownFileType = wrapper.framework; name = XCTest.framework; path = Library/Frameworks/XCTest.framework; sourceTree = DEVELOPER_DIR; };
		2D5452FA1889024500485CAE /* HypnoTimeTests-Info.plist */ = {isa = PBXFileReference; lastKnownFileType = text.plist.xml; path = "HypnoTimeTests-Info.plist"; sourceTree = "<group>"; };
		2D5452FC1889024500485CAE /* en */ = {isa = PBXFileReference; lastKnownFileType = text.plist.strings; name = en; path = en.lproj/InfoPlist.strings; sourceTree = "<group>"; };
		2D5452FE1889024500485CAE /* HypnoTimeTests.m */ = {isa = PBXFileReference; lastKnownFileType = sourcecode.c.objc; path = HypnoTimeTests.m; sourceTree = "<group>"; };
		2D5453081889027400485CAE /* HypnosisViewController.h */ = {isa = PBXFileReference; fileEncoding = 4; lastKnownFileType = sourcecode.c.h; path = HypnosisViewController.h; sourceTree = "<group>"; };
		2D5453091889027400485CAE /* HypnosisViewController.m */ = {isa = PBXFileReference; fileEncoding = 4; lastKnownFileType = sourcecode.c.objc; path = HypnosisViewController.m; sourceTree = "<group>"; };
		2D54530B1889029D00485CAE /* HypnosisView.h */ = {isa = PBXFileReference; fileEncoding = 4; lastKnownFileType = sourcecode.c.h; path = HypnosisView.h; sourceTree = "<group>"; };
		2D54530C1889029D00485CAE /* HypnosisView.m */ = {isa = PBXFileReference; fileEncoding = 4; lastKnownFileType = sourcecode.c.objc; path = HypnosisView.m; sourceTree = "<group>"; };
/* End PBXFileReference section */

/* Begin PBXFrameworksBuildPhase section */
		2D5452D31889024500485CAE /* Frameworks */ = {
			isa = PBXFrameworksBuildPhase;
			buildActionMask = 2147483647;
			files = (
				2D5452DC1889024500485CAE /* CoreGraphics.framework in Frameworks */,
				2D5452DE1889024500485CAE /* UIKit.framework in Frameworks */,
				2D5452DA1889024500485CAE /* Foundation.framework in Frameworks */,
			);
			runOnlyForDeploymentPostprocessing = 0;
		};
		2D5452EE1889024500485CAE /* Frameworks */ = {
			isa = PBXFrameworksBuildPhase;
			buildActionMask = 2147483647;
			files = (
				2D5452F31889024500485CAE /* XCTest.framework in Frameworks */,
				2D5452F51889024500485CAE /* UIKit.framework in Frameworks */,
				2D5452F41889024500485CAE /* Foundation.framework in Frameworks */,
			);
			runOnlyForDeploymentPostprocessing = 0;
		};
/* End PBXFrameworksBuildPhase section */

/* Begin PBXGroup section */
		2D5452CD1889024500485CAE = {
			isa = PBXGroup;
			children = (
				2D5452DF1889024500485CAE /* HypnoTime */,
				2D5452F81889024500485CAE /* HypnoTimeTests */,
				2D5452D81889024500485CAE /* Frameworks */,
				2D5452D71889024500485CAE /* Products */,
			);
			sourceTree = "<group>";
		};
		2D5452D71889024500485CAE /* Products */ = {
			isa = PBXGroup;
			children = (
				2D5452D61889024500485CAE /* HypnoTime.app */,
				2D5452F11889024500485CAE /* HypnoTimeTests.xctest */,
			);
			name = Products;
			sourceTree = "<group>";
		};
		2D5452D81889024500485CAE /* Frameworks */ = {
			isa = PBXGroup;
			children = (
				2D5452D91889024500485CAE /* Foundation.framework */,
				2D5452DB1889024500485CAE /* CoreGraphics.framework */,
				2D5452DD1889024500485CAE /* UIKit.framework */,
				2D5452F21889024500485CAE /* XCTest.framework */,
			);
			name = Frameworks;
			sourceTree = "<group>";
		};
		2D5452DF1889024500485CAE /* HypnoTime */ = {
			isa = PBXGroup;
			children = (
				2D5452E81889024500485CAE /* HypnoAppDelegate.h */,
				2D5452E91889024500485CAE /* HypnoAppDelegate.m */,
				2D5453081889027400485CAE /* HypnosisViewController.h */,
				2D5453091889027400485CAE /* HypnosisViewController.m */,
				2D54530B1889029D00485CAE /* HypnosisView.h */,
				2D54530C1889029D00485CAE /* HypnosisView.m */,
				2D5452EB1889024500485CAE /* Images.xcassets */,
				2D5452E01889024500485CAE /* Supporting Files */,
			);
			path = HypnoTime;
			sourceTree = "<group>";
		};
		2D5452E01889024500485CAE /* Supporting Files */ = {
			isa = PBXGroup;
			children = (
				2D5452E11889024500485CAE /* HypnoTime-Info.plist */,
				2D5452E21889024500485CAE /* InfoPlist.strings */,
				2D5452E51889024500485CAE /* main.m */,
				2D5452E71889024500485CAE /* HypnoTime-Prefix.pch */,
			);
			name = "Supporting Files";
			sourceTree = "<group>";
		};
		2D5452F81889024500485CAE /* HypnoTimeTests */ = {
			isa = PBXGroup;
			children = (
				2D5452FE1889024500485CAE /* HypnoTimeTests.m */,
				2D5452F91889024500485CAE /* Supporting Files */,
			);
			path = HypnoTimeTests;
			sourceTree = "<group>";
		};
		2D5452F91889024500485CAE /* Supporting Files */ = {
			isa = PBXGroup;
			children = (
				2D5452FA1889024500485CAE /* HypnoTimeTests-Info.plist */,
				2D5452FB1889024500485CAE /* InfoPlist.strings */,
			);
			name = "Supporting Files";
			sourceTree = "<group>";
		};
/* End PBXGroup section */

/* Begin PBXNativeTarget section */
		2D5452D51889024500485CAE /* HypnoTime */ = {
			isa = PBXNativeTarget;
			buildConfigurationList = 2D5453021889024500485CAE /* Build configuration list for PBXNativeTarget "HypnoTime" */;
			buildPhases = (
				2D5452D21889024500485CAE /* Sources */,
				2D5452D31889024500485CAE /* Frameworks */,
				2D5452D41889024500485CAE /* Resources */,
			);
			buildRules = (
			);
			dependencies = (
			);
			name = HypnoTime;
			productName = HypnoTime;
			productReference = 2D5452D61889024500485CAE /* HypnoTime.app */;
			productType = "com.apple.product-type.application";
		};
		2D5452F01889024500485CAE /* HypnoTimeTests */ = {
			isa = PBXNativeTarget;
			buildConfigurationList = 2D5453051889024500485CAE /* Build configuration list for PBXNativeTarget "HypnoTimeTests" */;
			buildPhases = (
				2D5452ED1889024500485CAE /* Sources */,
				2D5452EE1889024500485CAE /* Frameworks */,
				2D5452EF1889024500485CAE /* Resources */,
			);
			buildRules = (
			);
			dependencies = (
				2D5452F71889024500485CAE /* PBXTargetDependency */,
			);
			name = HypnoTimeTests;
			productName = HypnoTimeTests;
			productReference = 2D5452F11889024500485CAE /* HypnoTimeTests.xctest */;
			productType = "com.apple.product-type.bundle.unit-test";
		};
/* End PBXNativeTarget section */

/* Begin PBXProject section */
		2D5452CE1889024500485CAE /* Project object */ = {
			isa = PBXProject;
			attributes = {
				CLASSPREFIX = Hypno;
				LastUpgradeCheck = 0500;
				ORGANIZATIONNAME = "Jack Yin";
				TargetAttributes = {
					2D5452F01889024500485CAE = {
						TestTargetID = 2D5452D51889024500485CAE;
					};
				};
			};
			buildConfigurationList = 2D5452D11889024500485CAE /* Build configuration list for PBXProject "HypnoTime" */;
			compatibilityVersion = "Xcode 3.2";
			developmentRegion = English;
			hasScannedForEncodings = 0;
			knownRegions = (
				en,
			);
			mainGroup = 2D5452CD1889024500485CAE;
			productRefGroup = 2D5452D71889024500485CAE /* Products */;
			projectDirPath = "";
			projectRoot = "";
			targets = (
				2D5452D51889024500485CAE /* HypnoTime */,
				2D5452F01889024500485CAE /* HypnoTimeTests */,
			);
		};
/* End PBXProject section */

/* Begin PBXResourcesBuildPhase section */
		2D5452D41889024500485CAE /* Resources */ = {
			isa = PBXResourcesBuildPhase;
			buildActionMask = 2147483647;
			files = (
				2D5452E41889024500485CAE /* InfoPlist.strings in Resources */,
				2D5452EC1889024500485CAE /* Images.xcassets in Resources */,
			);
			runOnlyForDeploymentPostprocessing = 0;
		};
		2D5452EF1889024500485CAE /* Resources */ = {
			isa = PBXResourcesBuildPhase;
			buildActionMask = 2147483647;
			files = (
				2D5452FD1889024500485CAE /* InfoPlist.strings in Resources */,
			);
			runOnlyForDeploymentPostprocessing = 0;
		};
/* End PBXResourcesBuildPhase section */

/* Begin PBXSourcesBuildPhase section */
		2D5452D21889024500485CAE /* Sources */ = {
			isa = PBXSourcesBuildPhase;
			buildActionMask = 2147483647;
			files = (
				2D54530A1889027400485CAE /* HypnosisViewController.m in Sources */,
				2D54530D1889029D00485CAE /* HypnosisView.m in Sources */,
				2D5452E61889024500485CAE /* main.m in Sources */,
				2D5452EA1889024500485CAE /* HypnoAppDelegate.m in Sources */,
			);
			runOnlyForDeploymentPostprocessing = 0;
		};
		2D5452ED1889024500485CAE /* Sources */ = {
			isa = PBXSourcesBuildPhase;
			buildActionMask = 2147483647;
			files = (
				2D5452FF1889024500485CAE /* HypnoTimeTests.m in Sources */,
			);
			runOnlyForDeploymentPostprocessing = 0;
		};
/* End PBXSourcesBuildPhase section */

/* Begin PBXTargetDependency section */
		2D5452F71889024500485CAE /* PBXTargetDependency */ = {
			isa = PBXTargetDependency;
			target = 2D5452D51889024500485CAE /* HypnoTime */;
			targetProxy = 2D5452F61889024500485CAE /* PBXContainerItemProxy */;
		};
/* End PBXTargetDependency section */

/* Begin PBXVariantGroup section */
		2D5452E21889024500485CAE /* InfoPlist.strings */ = {
			isa = PBXVariantGroup;
			children = (
				2D5452E31889024500485CAE /* en */,
			);
			name = InfoPlist.strings;
			sourceTree = "<group>";
		};
		2D5452FB1889024500485CAE /* InfoPlist.strings */ = {
			isa = PBXVariantGroup;
			children = (
				2D5452FC1889024500485CAE /* en */,
			);
			name = InfoPlist.strings;
			sourceTree = "<group>";
		};
/* End PBXVariantGroup section */

/* Begin XCBuildConfiguration section */
		2D5453001889024500485CAE /* Debug */ = {
			isa = XCBuildConfiguration;
			buildSettings = {
				ALWAYS_SEARCH_USER_PATHS = NO;
				ARCHS = "$(ARCHS_STANDARD_INCLUDING_64_BIT)";
				CLANG_CXX_LANGUAGE_STANDARD = "gnu++0x";
				CLANG_CXX_LIBRARY = "libc++";
				CLANG_ENABLE_MODULES = YES;
				CLANG_ENABLE_OBJC_ARC = YES;
				CLANG_WARN_BOOL_CONVERSION = YES;
				CLANG_WARN_CONSTANT_CONVERSION = YES;
				CLANG_WARN_DIRECT_OBJC_ISA_USAGE = YES_ERROR;
				CLANG_WARN_EMPTY_BODY = YES;
				CLANG_WARN_ENUM_CONVERSION = YES;
				CLANG_WARN_INT_CONVERSION = YES;
				CLANG_WARN_OBJC_ROOT_CLASS = YES_ERROR;
				CLANG_WARN__DUPLICATE_METHOD_MATCH = YES;
				"CODE_SIGN_IDENTITY[sdk=iphoneos*]" = "iPhone Developer";
				COPY_PHASE_STRIP = NO;
				GCC_C_LANGUAGE_STANDARD = gnu99;
				GCC_DYNAMIC_NO_PIC = NO;
				GCC_OPTIMIZATION_LEVEL = 0;
				GCC_PREPROCESSOR_DEFINITIONS = (
					"DEBUG=1",
					"$(inherited)",
				);
				GCC_SYMBOLS_PRIVATE_EXTERN = NO;
				GCC_WARN_64_TO_32_BIT_CONVERSION = YES;
				GCC_WARN_ABOUT_RETURN_TYPE = YES_ERROR;
				GCC_WARN_UNDECLARED_SELECTOR = YES;
				GCC_WARN_UNINITIALIZED_AUTOS = YES;
				GCC_WARN_UNUSED_FUNCTION = YES;
				GCC_WARN_UNUSED_VARIABLE = YES;
				IPHONEOS_DEPLOYMENT_TARGET = 7.0;
				ONLY_ACTIVE_ARCH = YES;
				SDKROOT = iphoneos;
			};
			name = Debug;
		};
		2D5453011889024500485CAE /* Release */ = {
			isa = XCBuildConfiguration;
			buildSettings = {
				ALWAYS_SEARCH_USER_PATHS = NO;
				ARCHS = "$(ARCHS_STANDARD_INCLUDING_64_BIT)";
				CLANG_CXX_LANGUAGE_STANDARD = "gnu++0x";
				CLANG_CXX_LIBRARY = "libc++";
				CLANG_ENABLE_MODULES = YES;
				CLANG_ENABLE_OBJC_ARC = YES;
				CLANG_WARN_BOOL_CONVERSION = YES;
				CLANG_WARN_CONSTANT_CONVERSION = YES;
				CLANG_WARN_DIRECT_OBJC_ISA_USAGE = YES_ERROR;
				CLANG_WARN_EMPTY_BODY = YES;
				CLANG_WARN_ENUM_CONVERSION = YES;
				CLANG_WARN_INT_CONVERSION = YES;
				CLANG_WARN_OBJC_ROOT_CLASS = YES_ERROR;
				CLANG_WARN__DUPLICATE_METHOD_MATCH = YES;
				"CODE_SIGN_IDENTITY[sdk=iphoneos*]" = "iPhone Developer";
				COPY_PHASE_STRIP = YES;
				ENABLE_NS_ASSERTIONS = NO;
				GCC_C_LANGUAGE_STANDARD = gnu99;
				GCC_WARN_64_TO_32_BIT_CONVERSION = YES;
				GCC_WARN_ABOUT_RETURN_TYPE = YES_ERROR;
				GCC_WARN_UNDECLARED_SELECTOR = YES;
				GCC_WARN_UNINITIALIZED_AUTOS = YES;
				GCC_WARN_UNUSED_FUNCTION = YES;
				GCC_WARN_UNUSED_VARIABLE = YES;
				IPHONEOS_DEPLOYMENT_TARGET = 7.0;
				SDKROOT = iphoneos;
				VALIDATE_PRODUCT = YES;
			};
			name = Release;
		};
		2D5453031889024500485CAE /* Debug */ = {
			isa = XCBuildConfiguration;
			buildSettings = {
				ASSETCATALOG_COMPILER_APPICON_NAME = AppIcon;
				ASSETCATALOG_COMPILER_LAUNCHIMAGE_NAME = LaunchImage;
				GCC_PRECOMPILE_PREFIX_HEADER = YES;
				GCC_PREFIX_HEADER = "HypnoTime/HypnoTime-Prefix.pch";
				INFOPLIST_FILE = "HypnoTime/HypnoTime-Info.plist";
				PRODUCT_NAME = "$(TARGET_NAME)";
				WRAPPER_EXTENSION = app;
			};
			name = Debug;
		};
		2D5453041889024500485CAE /* Release */ = {
			isa = XCBuildConfiguration;
			buildSettings = {
				ASSETCATALOG_COMPILER_APPICON_NAME = AppIcon;
				ASSETCATALOG_COMPILER_LAUNCHIMAGE_NAME = LaunchImage;
				GCC_PRECOMPILE_PREFIX_HEADER = YES;
				GCC_PREFIX_HEADER = "HypnoTime/HypnoTime-Prefix.pch";
				INFOPLIST_FILE = "HypnoTime/HypnoTime-Info.plist";
				PRODUCT_NAME = "$(TARGET_NAME)";
				WRAPPER_EXTENSION = app;
			};
			name = Release;
		};
		2D5453061889024500485CAE /* Debug */ = {
			isa = XCBuildConfiguration;
			buildSettings = {
				ARCHS = "$(ARCHS_STANDARD_INCLUDING_64_BIT)";
				BUNDLE_LOADER = "$(BUILT_PRODUCTS_DIR)/HypnoTime.app/HypnoTime";
				FRAMEWORK_SEARCH_PATHS = (
					"$(SDKROOT)/Developer/Library/Frameworks",
					"$(inherited)",
					"$(DEVELOPER_FRAMEWORKS_DIR)",
				);
				GCC_PRECOMPILE_PREFIX_HEADER = YES;
				GCC_PREFIX_HEADER = "HypnoTime/HypnoTime-Prefix.pch";
				GCC_PREPROCESSOR_DEFINITIONS = (
					"DEBUG=1",
					"$(inherited)",
				);
				INFOPLIST_FILE = "HypnoTimeTests/HypnoTimeTests-Info.plist";
				PRODUCT_NAME = "$(TARGET_NAME)";
				TEST_HOST = "$(BUNDLE_LOADER)";
				WRAPPER_EXTENSION = xctest;
			};
			name = Debug;
		};
		2D5453071889024500485CAE /* Release */ = {
			isa = XCBuildConfiguration;
			buildSettings = {
				ARCHS = "$(ARCHS_STANDARD_INCLUDING_64_BIT)";
				BUNDLE_LOADER = "$(BUILT_PRODUCTS_DIR)/HypnoTime.app/HypnoTime";
				FRAMEWORK_SEARCH_PATHS = (
					"$(SDKROOT)/Developer/Library/Frameworks",
					"$(inherited)",
					"$(DEVELOPER_FRAMEWORKS_DIR)",
				);
				GCC_PRECOMPILE_PREFIX_HEADER = YES;
				GCC_PREFIX_HEADER = "HypnoTime/HypnoTime-Prefix.pch";
				INFOPLIST_FILE = "HypnoTimeTests/HypnoTimeTests-Info.plist";
				PRODUCT_NAME = "$(TARGET_NAME)";
				TEST_HOST = "$(BUNDLE_LOADER)";
				WRAPPER_EXTENSION = xctest;
			};
			name = Release;
		};
/* End XCBuildConfiguration section */

/* Begin XCConfigurationList section */
		2D5452D11889024500485CAE /* Build configuration list for PBXProject "HypnoTime" */ = {
			isa = XCConfigurationList;
			buildConfigurations = (
				2D5453001889024500485CAE /* Debug */,
				2D5453011889024500485CAE /* Release */,
			);
			defaultConfigurationIsVisible = 0;
			defaultConfigurationName = Release;
		};
		2D5453021889024500485CAE /* Build configuration list for PBXNativeTarget "HypnoTime" */ = {
			isa = XCConfigurationList;
			buildConfigurations = (
				2D5453031889024500485CAE /* Debug */,
				2D5453041889024500485CAE /* Release */,
			);
			defaultConfigurationIsVisible = 0;
		};
		2D5453051889024500485CAE /* Build configuration list for PBXNativeTarget "HypnoTimeTests" */ = {
			isa = XCConfigurationList;
			buildConfigurations = (
				2D5453061889024500485CAE /* Debug */,
				2D5453071889024500485CAE /* Release */,
			);
			defaultConfigurationIsVisible = 0;
		};
/* End XCConfigurationList section */
	};
	rootObject = 2D5452CE1889024500485CAE /* Project object */;
}
